// !$*UTF8*$!
{
	archiveVersion = 1;
	classes = {
	};
	objectVersion = 56;
	objects = {

/* Begin PBXBuildFile section */
		19B0552291DE0E57D744B46F /* Pods_myProject_myProjectUITests.framework in Frameworks */ = {isa = PBXBuildFile; fileRef = 21969302E45F9A401DB301EA /* Pods_myProject_myProjectUITests.framework */; };
		1F533E6D1EAB2373D2937056 /* Pods_myProject.framework in Frameworks */ = {isa = PBXBuildFile; fileRef = 1D3B0FBFB5455E92D3A81CE0 /* Pods_myProject.framework */; };
		C05E4DD529A02EE600555BE4 /* AppDelegate.swift in Sources */ = {isa = PBXBuildFile; fileRef = C05E4DD429A02EE600555BE4 /* AppDelegate.swift */; };
		C05E4DD729A02EE600555BE4 /* SceneDelegate.swift in Sources */ = {isa = PBXBuildFile; fileRef = C05E4DD629A02EE600555BE4 /* SceneDelegate.swift */; };
		C05E4DD929A02EE600555BE4 /* ViewController.swift in Sources */ = {isa = PBXBuildFile; fileRef = C05E4DD829A02EE600555BE4 /* ViewController.swift */; };
		C05E4DDC29A02EE600555BE4 /* Main.storyboard in Resources */ = {isa = PBXBuildFile; fileRef = C05E4DDA29A02EE600555BE4 /* Main.storyboard */; };
		C05E4DDE29A02EE800555BE4 /* Assets.xcassets in Resources */ = {isa = PBXBuildFile; fileRef = C05E4DDD29A02EE800555BE4 /* Assets.xcassets */; };
		C05E4DE129A02EE800555BE4 /* LaunchScreen.storyboard in Resources */ = {isa = PBXBuildFile; fileRef = C05E4DDF29A02EE800555BE4 /* LaunchScreen.storyboard */; };
		C05E4DEC29A02EE800555BE4 /* myProjectTests.swift in Sources */ = {isa = PBXBuildFile; fileRef = C05E4DEB29A02EE800555BE4 /* myProjectTests.swift */; };
		C05E4DF629A02EE800555BE4 /* myProjectUITests.swift in Sources */ = {isa = PBXBuildFile; fileRef = C05E4DF529A02EE800555BE4 /* myProjectUITests.swift */; };
		C05E4DF829A02EE800555BE4 /* myProjectUITestsLaunchTests.swift in Sources */ = {isa = PBXBuildFile; fileRef = C05E4DF729A02EE800555BE4 /* myProjectUITestsLaunchTests.swift */; };
		C05E4E0729A03E1E00555BE4 /* GearViewController.swift in Sources */ = {isa = PBXBuildFile; fileRef = C05E4E0629A03E1E00555BE4 /* GearViewController.swift */; };
		C05E4E0C29A052B700555BE4 /* AdventuresViewController.swift in Sources */ = {isa = PBXBuildFile; fileRef = C05E4E0B29A052B700555BE4 /* AdventuresViewController.swift */; };
		C05E4E0E29A0531700555BE4 /* HowViewController.swift in Sources */ = {isa = PBXBuildFile; fileRef = C05E4E0D29A0531700555BE4 /* HowViewController.swift */; };
		C05E4E1229A06B7700555BE4 /* FAQViewController.swift in Sources */ = {isa = PBXBuildFile; fileRef = C05E4E1129A06B7700555BE4 /* FAQViewController.swift */; };
		C05E4E1429A1701A00555BE4 /* RentViewController.swift in Sources */ = {isa = PBXBuildFile; fileRef = C05E4E1329A1701A00555BE4 /* RentViewController.swift */; };
		C05E4E1729A5965300555BE4 /* Model.xcdatamodeld in Sources */ = {isa = PBXBuildFile; fileRef = C05E4E1529A5965300555BE4 /* Model.xcdatamodeld */; };
		C05E4E7129A9007200555BE4 /* TableViewController.swift in Sources */ = {isa = PBXBuildFile; fileRef = C05E4E7029A9007200555BE4 /* TableViewController.swift */; };
		C0A8F75029C7A5B500496415 /* FAQcustomViews.swift in Sources */ = {isa = PBXBuildFile; fileRef = C0A8F74F29C7A5B500496415 /* FAQcustomViews.swift */; };
		C0A9E0E429CC99A600F1FFD9 /* CartViewController.swift in Sources */ = {isa = PBXBuildFile; fileRef = C0A9E0E329CC99A600F1FFD9 /* CartViewController.swift */; };
		C0F6BA9929C3451E00E6776F /* extra.strings in Resources */ = {isa = PBXBuildFile; fileRef = C0F6BA9829C3451E00E6776F /* extra.strings */; };
		C0F6BA9B29C522D100E6776F /* SelfViewController.swift in Sources */ = {isa = PBXBuildFile; fileRef = C0F6BA9A29C522D100E6776F /* SelfViewController.swift */; };
		C9EEA2B35DDAC5B43E8203A4 /* Pods_myProjectTests.framework in Frameworks */ = {isa = PBXBuildFile; fileRef = A46EA0F29C84DBC3316D2170 /* Pods_myProjectTests.framework */; };
/* End PBXBuildFile section */

/* Begin PBXContainerItemProxy section */
		C05E4DE829A02EE800555BE4 /* PBXContainerItemProxy */ = {
			isa = PBXContainerItemProxy;
			containerPortal = C05E4DC929A02EE600555BE4 /* Project object */;
			proxyType = 1;
			remoteGlobalIDString = C05E4DD029A02EE600555BE4;
			remoteInfo = myProject;
		};
		C05E4DF229A02EE800555BE4 /* PBXContainerItemProxy */ = {
			isa = PBXContainerItemProxy;
			containerPortal = C05E4DC929A02EE600555BE4 /* Project object */;
			proxyType = 1;
			remoteGlobalIDString = C05E4DD029A02EE600555BE4;
			remoteInfo = myProject;
		};
/* End PBXContainerItemProxy section */

/* Begin PBXFileReference section */
		1D3B0FBFB5455E92D3A81CE0 /* Pods_myProject.framework */ = {isa = PBXFileReference; explicitFileType = wrapper.framework; includeInIndex = 0; path = Pods_myProject.framework; sourceTree = BUILT_PRODUCTS_DIR; };
		21969302E45F9A401DB301EA /* Pods_myProject_myProjectUITests.framework */ = {isa = PBXFileReference; explicitFileType = wrapper.framework; includeInIndex = 0; path = Pods_myProject_myProjectUITests.framework; sourceTree = BUILT_PRODUCTS_DIR; };
		467A61FE1327E98412A28922 /* Pods-myProject-myProjectUITests.release.xcconfig */ = {isa = PBXFileReference; includeInIndex = 1; lastKnownFileType = text.xcconfig; name = "Pods-myProject-myProjectUITests.release.xcconfig"; path = "Target Support Files/Pods-myProject-myProjectUITests/Pods-myProject-myProjectUITests.release.xcconfig"; sourceTree = "<group>"; };
		491BF74C250BBFF1D9BBCF16 /* Pods-myProject.debug.xcconfig */ = {isa = PBXFileReference; includeInIndex = 1; lastKnownFileType = text.xcconfig; name = "Pods-myProject.debug.xcconfig"; path = "Target Support Files/Pods-myProject/Pods-myProject.debug.xcconfig"; sourceTree = "<group>"; };
		6C231137E0013D6C40B990DD /* Pods-myProjectTests.release.xcconfig */ = {isa = PBXFileReference; includeInIndex = 1; lastKnownFileType = text.xcconfig; name = "Pods-myProjectTests.release.xcconfig"; path = "Target Support Files/Pods-myProjectTests/Pods-myProjectTests.release.xcconfig"; sourceTree = "<group>"; };
		8B251797D3AA2073DFF47F29 /* Pods-myProject-myProjectUITests.debug.xcconfig */ = {isa = PBXFileReference; includeInIndex = 1; lastKnownFileType = text.xcconfig; name = "Pods-myProject-myProjectUITests.debug.xcconfig"; path = "Target Support Files/Pods-myProject-myProjectUITests/Pods-myProject-myProjectUITests.debug.xcconfig"; sourceTree = "<group>"; };
		A46EA0F29C84DBC3316D2170 /* Pods_myProjectTests.framework */ = {isa = PBXFileReference; explicitFileType = wrapper.framework; includeInIndex = 0; path = Pods_myProjectTests.framework; sourceTree = BUILT_PRODUCTS_DIR; };
		C02B0BA71D0E03988AC23E53 /* Pods-myProject.release.xcconfig */ = {isa = PBXFileReference; includeInIndex = 1; lastKnownFileType = text.xcconfig; name = "Pods-myProject.release.xcconfig"; path = "Target Support Files/Pods-myProject/Pods-myProject.release.xcconfig"; sourceTree = "<group>"; };
		C05E4DD129A02EE600555BE4 /* myProject.app */ = {isa = PBXFileReference; explicitFileType = wrapper.application; includeInIndex = 0; path = myProject.app; sourceTree = BUILT_PRODUCTS_DIR; };
		C05E4DD429A02EE600555BE4 /* AppDelegate.swift */ = {isa = PBXFileReference; lastKnownFileType = sourcecode.swift; path = AppDelegate.swift; sourceTree = "<group>"; };
		C05E4DD629A02EE600555BE4 /* SceneDelegate.swift */ = {isa = PBXFileReference; lastKnownFileType = sourcecode.swift; path = SceneDelegate.swift; sourceTree = "<group>"; };
		C05E4DD829A02EE600555BE4 /* ViewController.swift */ = {isa = PBXFileReference; lastKnownFileType = sourcecode.swift; path = ViewController.swift; sourceTree = "<group>"; };
		C05E4DDB29A02EE600555BE4 /* Base */ = {isa = PBXFileReference; lastKnownFileType = file.storyboard; name = Base; path = Base.lproj/Main.storyboard; sourceTree = "<group>"; };
		C05E4DDD29A02EE800555BE4 /* Assets.xcassets */ = {isa = PBXFileReference; lastKnownFileType = folder.assetcatalog; path = Assets.xcassets; sourceTree = "<group>"; };
		C05E4DE029A02EE800555BE4 /* Base */ = {isa = PBXFileReference; lastKnownFileType = file.storyboard; name = Base; path = Base.lproj/LaunchScreen.storyboard; sourceTree = "<group>"; };
		C05E4DE229A02EE800555BE4 /* Info.plist */ = {isa = PBXFileReference; lastKnownFileType = text.plist.xml; path = Info.plist; sourceTree = "<group>"; };
		C05E4DE729A02EE800555BE4 /* myProjectTests.xctest */ = {isa = PBXFileReference; explicitFileType = wrapper.cfbundle; includeInIndex = 0; path = myProjectTests.xctest; sourceTree = BUILT_PRODUCTS_DIR; };
		C05E4DEB29A02EE800555BE4 /* myProjectTests.swift */ = {isa = PBXFileReference; lastKnownFileType = sourcecode.swift; path = myProjectTests.swift; sourceTree = "<group>"; };
		C05E4DF129A02EE800555BE4 /* myProjectUITests.xctest */ = {isa = PBXFileReference; explicitFileType = wrapper.cfbundle; includeInIndex = 0; path = myProjectUITests.xctest; sourceTree = BUILT_PRODUCTS_DIR; };
		C05E4DF529A02EE800555BE4 /* myProjectUITests.swift */ = {isa = PBXFileReference; lastKnownFileType = sourcecode.swift; path = myProjectUITests.swift; sourceTree = "<group>"; };
		C05E4DF729A02EE800555BE4 /* myProjectUITestsLaunchTests.swift */ = {isa = PBXFileReference; lastKnownFileType = sourcecode.swift; path = myProjectUITestsLaunchTests.swift; sourceTree = "<group>"; };
		C05E4E0629A03E1E00555BE4 /* GearViewController.swift */ = {isa = PBXFileReference; lastKnownFileType = sourcecode.swift; path = GearViewController.swift; sourceTree = "<group>"; };
		C05E4E0A29A04D9700555BE4 /* Drop Down code.md */ = {isa = PBXFileReference; lastKnownFileType = net.daringfireball.markdown; path = "Drop Down code.md"; sourceTree = "<group>"; };
		C05E4E0B29A052B700555BE4 /* AdventuresViewController.swift */ = {isa = PBXFileReference; lastKnownFileType = sourcecode.swift; path = AdventuresViewController.swift; sourceTree = "<group>"; };
		C05E4E0D29A0531700555BE4 /* HowViewController.swift */ = {isa = PBXFileReference; lastKnownFileType = sourcecode.swift; path = HowViewController.swift; sourceTree = "<group>"; };
		C05E4E1129A06B7700555BE4 /* FAQViewController.swift */ = {isa = PBXFileReference; lastKnownFileType = sourcecode.swift; path = FAQViewController.swift; sourceTree = "<group>"; };
		C05E4E1329A1701A00555BE4 /* RentViewController.swift */ = {isa = PBXFileReference; lastKnownFileType = sourcecode.swift; path = RentViewController.swift; sourceTree = "<group>"; };
		C05E4E1629A5965300555BE4 /* Model.xcdatamodel */ = {isa = PBXFileReference; lastKnownFileType = wrapper.xcdatamodel; path = Model.xcdatamodel; sourceTree = "<group>"; };
		C05E4E7029A9007200555BE4 /* TableViewController.swift */ = {isa = PBXFileReference; lastKnownFileType = sourcecode.swift; path = TableViewController.swift; sourceTree = "<group>"; };
		C0A8F74F29C7A5B500496415 /* FAQcustomViews.swift */ = {isa = PBXFileReference; lastKnownFileType = sourcecode.swift; path = FAQcustomViews.swift; sourceTree = "<group>"; };
		C0A9E0E329CC99A600F1FFD9 /* CartViewController.swift */ = {isa = PBXFileReference; lastKnownFileType = sourcecode.swift; path = CartViewController.swift; sourceTree = "<group>"; };
		C0F6BA9329C2762D00E6776F /* faq_list.geojson */ = {isa = PBXFileReference; lastKnownFileType = text; path = faq_list.geojson; sourceTree = "<group>"; };
		C0F6BA9829C3451E00E6776F /* extra.strings */ = {isa = PBXFileReference; lastKnownFileType = text.plist.strings; path = extra.strings; sourceTree = "<group>"; };
		C0F6BA9A29C522D100E6776F /* SelfViewController.swift */ = {isa = PBXFileReference; lastKnownFileType = sourcecode.swift; path = SelfViewController.swift; sourceTree = "<group>"; };
		F4C7C8C1CAD124F3039C76B5 /* Pods-myProjectTests.debug.xcconfig */ = {isa = PBXFileReference; includeInIndex = 1; lastKnownFileType = text.xcconfig; name = "Pods-myProjectTests.debug.xcconfig"; path = "Target Support Files/Pods-myProjectTests/Pods-myProjectTests.debug.xcconfig"; sourceTree = "<group>"; };
/* End PBXFileReference section */

/* Begin PBXFrameworksBuildPhase section */
		C05E4DCE29A02EE600555BE4 /* Frameworks */ = {
			isa = PBXFrameworksBuildPhase;
			buildActionMask = 2147483647;
			files = (
				1F533E6D1EAB2373D2937056 /* Pods_myProject.framework in Frameworks */,
			);
			runOnlyForDeploymentPostprocessing = 0;
		};
		C05E4DE429A02EE800555BE4 /* Frameworks */ = {
			isa = PBXFrameworksBuildPhase;
			buildActionMask = 2147483647;
			files = (
				C9EEA2B35DDAC5B43E8203A4 /* Pods_myProjectTests.framework in Frameworks */,
			);
			runOnlyForDeploymentPostprocessing = 0;
		};
		C05E4DEE29A02EE800555BE4 /* Frameworks */ = {
			isa = PBXFrameworksBuildPhase;
			buildActionMask = 2147483647;
			files = (
				19B0552291DE0E57D744B46F /* Pods_myProject_myProjectUITests.framework in Frameworks */,
			);
			runOnlyForDeploymentPostprocessing = 0;
		};
/* End PBXFrameworksBuildPhase section */

/* Begin PBXGroup section */
		C05E4DC829A02EE600555BE4 = {
			isa = PBXGroup;
			children = (
				C05E4DD329A02EE600555BE4 /* myProject */,
				C05E4DEA29A02EE800555BE4 /* myProjectTests */,
				C05E4DF429A02EE800555BE4 /* myProjectUITests */,
				C05E4DD229A02EE600555BE4 /* Products */,
				C36EC4115B57D4D990AC46BF /* Pods */,
				CF36A65B9B3724B0F5F302B8 /* Frameworks */,
			);
			sourceTree = "<group>";
		};
		C05E4DD229A02EE600555BE4 /* Products */ = {
			isa = PBXGroup;
			children = (
				C05E4DD129A02EE600555BE4 /* myProject.app */,
				C05E4DE729A02EE800555BE4 /* myProjectTests.xctest */,
				C05E4DF129A02EE800555BE4 /* myProjectUITests.xctest */,
			);
			name = Products;
			sourceTree = "<group>";
		};
		C05E4DD329A02EE600555BE4 /* myProject */ = {
			isa = PBXGroup;
			children = (
				C05E4DD429A02EE600555BE4 /* AppDelegate.swift */,
				C05E4DD629A02EE600555BE4 /* SceneDelegate.swift */,
				C05E4DD829A02EE600555BE4 /* ViewController.swift */,
				C0A9E0E329CC99A600F1FFD9 /* CartViewController.swift */,
				C05E4E0629A03E1E00555BE4 /* GearViewController.swift */,
				C05E4E1329A1701A00555BE4 /* RentViewController.swift */,
				C05E4E0B29A052B700555BE4 /* AdventuresViewController.swift */,
				C0F6BA9A29C522D100E6776F /* SelfViewController.swift */,
				C05E4E0D29A0531700555BE4 /* HowViewController.swift */,
				C05E4E1129A06B7700555BE4 /* FAQViewController.swift */,
				C0A8F74F29C7A5B500496415 /* FAQcustomViews.swift */,
				C05E4E7029A9007200555BE4 /* TableViewController.swift */,
				C05E4DDA29A02EE600555BE4 /* Main.storyboard */,
				C0F6BA9329C2762D00E6776F /* faq_list.geojson */,
				C0F6BA9829C3451E00E6776F /* extra.strings */,
				C05E4DDD29A02EE800555BE4 /* Assets.xcassets */,
				C05E4DDF29A02EE800555BE4 /* LaunchScreen.storyboard */,
				C05E4DE229A02EE800555BE4 /* Info.plist */,
				C05E4E1829A59B0800555BE4 /* Model */,
				C05E4E0A29A04D9700555BE4 /* Drop Down code.md */,
			);
			path = myProject;
			sourceTree = "<group>";
		};
		C05E4DEA29A02EE800555BE4 /* myProjectTests */ = {
			isa = PBXGroup;
			children = (
				C05E4DEB29A02EE800555BE4 /* myProjectTests.swift */,
			);
			path = myProjectTests;
			sourceTree = "<group>";
		};
		C05E4DF429A02EE800555BE4 /* myProjectUITests */ = {
			isa = PBXGroup;
			children = (
				C05E4DF529A02EE800555BE4 /* myProjectUITests.swift */,
				C05E4DF729A02EE800555BE4 /* myProjectUITestsLaunchTests.swift */,
			);
			path = myProjectUITests;
			sourceTree = "<group>";
		};
		C05E4E1829A59B0800555BE4 /* Model */ = {
			isa = PBXGroup;
			children = (
				C05E4E1529A5965300555BE4 /* Model.xcdatamodeld */,
			);
			path = Model;
			sourceTree = "<group>";
		};
		C36EC4115B57D4D990AC46BF /* Pods */ = {
			isa = PBXGroup;
			children = (
				491BF74C250BBFF1D9BBCF16 /* Pods-myProject.debug.xcconfig */,
				C02B0BA71D0E03988AC23E53 /* Pods-myProject.release.xcconfig */,
				8B251797D3AA2073DFF47F29 /* Pods-myProject-myProjectUITests.debug.xcconfig */,
				467A61FE1327E98412A28922 /* Pods-myProject-myProjectUITests.release.xcconfig */,
				F4C7C8C1CAD124F3039C76B5 /* Pods-myProjectTests.debug.xcconfig */,
				6C231137E0013D6C40B990DD /* Pods-myProjectTests.release.xcconfig */,
			);
			path = Pods;
			sourceTree = "<group>";
		};
		CF36A65B9B3724B0F5F302B8 /* Frameworks */ = {
			isa = PBXGroup;
			children = (
				1D3B0FBFB5455E92D3A81CE0 /* Pods_myProject.framework */,
				21969302E45F9A401DB301EA /* Pods_myProject_myProjectUITests.framework */,
				A46EA0F29C84DBC3316D2170 /* Pods_myProjectTests.framework */,
			);
			name = Frameworks;
			sourceTree = "<group>";
		};
/* End PBXGroup section */

/* Begin PBXNativeTarget section */
		C05E4DD029A02EE600555BE4 /* myProject */ = {
			isa = PBXNativeTarget;
			buildConfigurationList = C05E4DFB29A02EE800555BE4 /* Build configuration list for PBXNativeTarget "myProject" */;
			buildPhases = (
				70E318D1BF660AF48BC6674A /* [CP] Check Pods Manifest.lock */,
				C05E4DCD29A02EE600555BE4 /* Sources */,
				C05E4DCE29A02EE600555BE4 /* Frameworks */,
				C05E4DCF29A02EE600555BE4 /* Resources */,
				AE27763DDED5E302A95CD0DA /* [CP] Embed Pods Frameworks */,
			);
			buildRules = (
			);
			dependencies = (
			);
			name = myProject;
			productName = myProject;
			productReference = C05E4DD129A02EE600555BE4 /* myProject.app */;
			productType = "com.apple.product-type.application";
		};
		C05E4DE629A02EE800555BE4 /* myProjectTests */ = {
			isa = PBXNativeTarget;
			buildConfigurationList = C05E4DFE29A02EE800555BE4 /* Build configuration list for PBXNativeTarget "myProjectTests" */;
			buildPhases = (
				407AB56066D4A2E06EC50E53 /* [CP] Check Pods Manifest.lock */,
				C05E4DE329A02EE800555BE4 /* Sources */,
				C05E4DE429A02EE800555BE4 /* Frameworks */,
				C05E4DE529A02EE800555BE4 /* Resources */,
			);
			buildRules = (
			);
			dependencies = (
				C05E4DE929A02EE800555BE4 /* PBXTargetDependency */,
			);
			name = myProjectTests;
			productName = myProjectTests;
			productReference = C05E4DE729A02EE800555BE4 /* myProjectTests.xctest */;
			productType = "com.apple.product-type.bundle.unit-test";
		};
		C05E4DF029A02EE800555BE4 /* myProjectUITests */ = {
			isa = PBXNativeTarget;
			buildConfigurationList = C05E4E0129A02EE800555BE4 /* Build configuration list for PBXNativeTarget "myProjectUITests" */;
			buildPhases = (
				E0BEB3D1AF89D5D700648706 /* [CP] Check Pods Manifest.lock */,
				C05E4DED29A02EE800555BE4 /* Sources */,
				C05E4DEE29A02EE800555BE4 /* Frameworks */,
				C05E4DEF29A02EE800555BE4 /* Resources */,
				F104D3E00A1F2BF469E299B9 /* [CP] Embed Pods Frameworks */,
			);
			buildRules = (
			);
			dependencies = (
				C05E4DF329A02EE800555BE4 /* PBXTargetDependency */,
			);
			name = myProjectUITests;
			productName = myProjectUITests;
			productReference = C05E4DF129A02EE800555BE4 /* myProjectUITests.xctest */;
			productType = "com.apple.product-type.bundle.ui-testing";
		};
/* End PBXNativeTarget section */

/* Begin PBXProject section */
		C05E4DC929A02EE600555BE4 /* Project object */ = {
			isa = PBXProject;
			attributes = {
				BuildIndependentTargetsInParallel = 1;
				LastSwiftUpdateCheck = 1420;
				LastUpgradeCheck = 1420;
				TargetAttributes = {
					C05E4DD029A02EE600555BE4 = {
						CreatedOnToolsVersion = 14.2;
					};
					C05E4DE629A02EE800555BE4 = {
						CreatedOnToolsVersion = 14.2;
						TestTargetID = C05E4DD029A02EE600555BE4;
					};
					C05E4DF029A02EE800555BE4 = {
						CreatedOnToolsVersion = 14.2;
						TestTargetID = C05E4DD029A02EE600555BE4;
					};
				};
			};
			buildConfigurationList = C05E4DCC29A02EE600555BE4 /* Build configuration list for PBXProject "myProject" */;
			compatibilityVersion = "Xcode 14.0";
			developmentRegion = en;
			hasScannedForEncodings = 0;
			knownRegions = (
				en,
				Base,
			);
			mainGroup = C05E4DC829A02EE600555BE4;
			productRefGroup = C05E4DD229A02EE600555BE4 /* Products */;
			projectDirPath = "";
			projectRoot = "";
			targets = (
				C05E4DD029A02EE600555BE4 /* myProject */,
				C05E4DE629A02EE800555BE4 /* myProjectTests */,
				C05E4DF029A02EE800555BE4 /* myProjectUITests */,
			);
		};
/* End PBXProject section */

/* Begin PBXResourcesBuildPhase section */
		C05E4DCF29A02EE600555BE4 /* Resources */ = {
			isa = PBXResourcesBuildPhase;
			buildActionMask = 2147483647;
			files = (
				C05E4DE129A02EE800555BE4 /* LaunchScreen.storyboard in Resources */,
				C0F6BA9929C3451E00E6776F /* extra.strings in Resources */,
				C05E4DDE29A02EE800555BE4 /* Assets.xcassets in Resources */,
				C05E4DDC29A02EE600555BE4 /* Main.storyboard in Resources */,
			);
			runOnlyForDeploymentPostprocessing = 0;
		};
		C05E4DE529A02EE800555BE4 /* Resources */ = {
			isa = PBXResourcesBuildPhase;
			buildActionMask = 2147483647;
			files = (
			);
			runOnlyForDeploymentPostprocessing = 0;
		};
		C05E4DEF29A02EE800555BE4 /* Resources */ = {
			isa = PBXResourcesBuildPhase;
			buildActionMask = 2147483647;
			files = (
			);
			runOnlyForDeploymentPostprocessing = 0;
		};
/* End PBXResourcesBuildPhase section */

/* Begin PBXShellScriptBuildPhase section */
		407AB56066D4A2E06EC50E53 /* [CP] Check Pods Manifest.lock */ = {
			isa = PBXShellScriptBuildPhase;
			buildActionMask = 2147483647;
			files = (
			);
			inputFileListPaths = (
			);
			inputPaths = (
				"${PODS_PODFILE_DIR_PATH}/Podfile.lock",
				"${PODS_ROOT}/Manifest.lock",
			);
			name = "[CP] Check Pods Manifest.lock";
			outputFileListPaths = (
			);
			outputPaths = (
				"$(DERIVED_FILE_DIR)/Pods-myProjectTests-checkManifestLockResult.txt",
			);
			runOnlyForDeploymentPostprocessing = 0;
			shellPath = /bin/sh;
			shellScript = "diff \"${PODS_PODFILE_DIR_PATH}/Podfile.lock\" \"${PODS_ROOT}/Manifest.lock\" > /dev/null\nif [ $? != 0 ] ; then\n    # print error to STDERR\n    echo \"error: The sandbox is not in sync with the Podfile.lock. Run 'pod install' or update your CocoaPods installation.\" >&2\n    exit 1\nfi\n# This output is used by Xcode 'outputs' to avoid re-running this script phase.\necho \"SUCCESS\" > \"${SCRIPT_OUTPUT_FILE_0}\"\n";
			showEnvVarsInLog = 0;
		};
		70E318D1BF660AF48BC6674A /* [CP] Check Pods Manifest.lock */ = {
			isa = PBXShellScriptBuildPhase;
			buildActionMask = 2147483647;
			files = (
			);
			inputFileListPaths = (
			);
			inputPaths = (
				"${PODS_PODFILE_DIR_PATH}/Podfile.lock",
				"${PODS_ROOT}/Manifest.lock",
			);
			name = "[CP] Check Pods Manifest.lock";
			outputFileListPaths = (
			);
			outputPaths = (
				"$(DERIVED_FILE_DIR)/Pods-myProject-checkManifestLockResult.txt",
			);
			runOnlyForDeploymentPostprocessing = 0;
			shellPath = /bin/sh;
			shellScript = "diff \"${PODS_PODFILE_DIR_PATH}/Podfile.lock\" \"${PODS_ROOT}/Manifest.lock\" > /dev/null\nif [ $? != 0 ] ; then\n    # print error to STDERR\n    echo \"error: The sandbox is not in sync with the Podfile.lock. Run 'pod install' or update your CocoaPods installation.\" >&2\n    exit 1\nfi\n# This output is used by Xcode 'outputs' to avoid re-running this script phase.\necho \"SUCCESS\" > \"${SCRIPT_OUTPUT_FILE_0}\"\n";
			showEnvVarsInLog = 0;
		};
		AE27763DDED5E302A95CD0DA /* [CP] Embed Pods Frameworks */ = {
			isa = PBXShellScriptBuildPhase;
			buildActionMask = 2147483647;
			files = (
			);
			inputFileListPaths = (
				"${PODS_ROOT}/Target Support Files/Pods-myProject/Pods-myProject-frameworks-${CONFIGURATION}-input-files.xcfilelist",
			);
			name = "[CP] Embed Pods Frameworks";
			outputFileListPaths = (
				"${PODS_ROOT}/Target Support Files/Pods-myProject/Pods-myProject-frameworks-${CONFIGURATION}-output-files.xcfilelist",
			);
			runOnlyForDeploymentPostprocessing = 0;
			shellPath = /bin/sh;
			shellScript = "\"${PODS_ROOT}/Target Support Files/Pods-myProject/Pods-myProject-frameworks.sh\"\n";
			showEnvVarsInLog = 0;
		};
		E0BEB3D1AF89D5D700648706 /* [CP] Check Pods Manifest.lock */ = {
			isa = PBXShellScriptBuildPhase;
			buildActionMask = 2147483647;
			files = (
			);
			inputFileListPaths = (
			);
			inputPaths = (
				"${PODS_PODFILE_DIR_PATH}/Podfile.lock",
				"${PODS_ROOT}/Manifest.lock",
			);
			name = "[CP] Check Pods Manifest.lock";
			outputFileListPaths = (
			);
			outputPaths = (
				"$(DERIVED_FILE_DIR)/Pods-myProject-myProjectUITests-checkManifestLockResult.txt",
			);
			runOnlyForDeploymentPostprocessing = 0;
			shellPath = /bin/sh;
			shellScript = "diff \"${PODS_PODFILE_DIR_PATH}/Podfile.lock\" \"${PODS_ROOT}/Manifest.lock\" > /dev/null\nif [ $? != 0 ] ; then\n    # print error to STDERR\n    echo \"error: The sandbox is not in sync with the Podfile.lock. Run 'pod install' or update your CocoaPods installation.\" >&2\n    exit 1\nfi\n# This output is used by Xcode 'outputs' to avoid re-running this script phase.\necho \"SUCCESS\" > \"${SCRIPT_OUTPUT_FILE_0}\"\n";
			showEnvVarsInLog = 0;
		};
		F104D3E00A1F2BF469E299B9 /* [CP] Embed Pods Frameworks */ = {
			isa = PBXShellScriptBuildPhase;
			buildActionMask = 2147483647;
			files = (
			);
			inputFileListPaths = (
				"${PODS_ROOT}/Target Support Files/Pods-myProject-myProjectUITests/Pods-myProject-myProjectUITests-frameworks-${CONFIGURATION}-input-files.xcfilelist",
			);
			name = "[CP] Embed Pods Frameworks";
			outputFileListPaths = (
				"${PODS_ROOT}/Target Support Files/Pods-myProject-myProjectUITests/Pods-myProject-myProjectUITests-frameworks-${CONFIGURATION}-output-files.xcfilelist",
			);
			runOnlyForDeploymentPostprocessing = 0;
			shellPath = /bin/sh;
			shellScript = "\"${PODS_ROOT}/Target Support Files/Pods-myProject-myProjectUITests/Pods-myProject-myProjectUITests-frameworks.sh\"\n";
			showEnvVarsInLog = 0;
		};
/* End PBXShellScriptBuildPhase section */

/* Begin PBXSourcesBuildPhase section */
		C05E4DCD29A02EE600555BE4 /* Sources */ = {
			isa = PBXSourcesBuildPhase;
			buildActionMask = 2147483647;
			files = (
				C0F6BA9B29C522D100E6776F /* SelfViewController.swift in Sources */,
				C05E4DD929A02EE600555BE4 /* ViewController.swift in Sources */,
				C05E4E0E29A0531700555BE4 /* HowViewController.swift in Sources */,
				C05E4E0C29A052B700555BE4 /* AdventuresViewController.swift in Sources */,
				C05E4E7129A9007200555BE4 /* TableViewController.swift in Sources */,
				C05E4DD529A02EE600555BE4 /* AppDelegate.swift in Sources */,
				C0A9E0E429CC99A600F1FFD9 /* CartViewController.swift in Sources */,
				C05E4E1229A06B7700555BE4 /* FAQViewController.swift in Sources */,
				C05E4E1729A5965300555BE4 /* Model.xcdatamodeld in Sources */,
				C0A8F75029C7A5B500496415 /* FAQcustomViews.swift in Sources */,
				C05E4E0729A03E1E00555BE4 /* GearViewController.swift in Sources */,
				C05E4E1429A1701A00555BE4 /* RentViewController.swift in Sources */,
				C05E4DD729A02EE600555BE4 /* SceneDelegate.swift in Sources */,
			);
			runOnlyForDeploymentPostprocessing = 0;
		};
		C05E4DE329A02EE800555BE4 /* Sources */ = {
			isa = PBXSourcesBuildPhase;
			buildActionMask = 2147483647;
			files = (
				C05E4DEC29A02EE800555BE4 /* myProjectTests.swift in Sources */,
			);
			runOnlyForDeploymentPostprocessing = 0;
		};
		C05E4DED29A02EE800555BE4 /* Sources */ = {
			isa = PBXSourcesBuildPhase;
			buildActionMask = 2147483647;
			files = (
				C05E4DF829A02EE800555BE4 /* myProjectUITestsLaunchTests.swift in Sources */,
				C05E4DF629A02EE800555BE4 /* myProjectUITests.swift in Sources */,
			);
			runOnlyForDeploymentPostprocessing = 0;
		};
/* End PBXSourcesBuildPhase section */

/* Begin PBXTargetDependency section */
		C05E4DE929A02EE800555BE4 /* PBXTargetDependency */ = {
			isa = PBXTargetDependency;
			target = C05E4DD029A02EE600555BE4 /* myProject */;
			targetProxy = C05E4DE829A02EE800555BE4 /* PBXContainerItemProxy */;
		};
		C05E4DF329A02EE800555BE4 /* PBXTargetDependency */ = {
			isa = PBXTargetDependency;
			target = C05E4DD029A02EE600555BE4 /* myProject */;
			targetProxy = C05E4DF229A02EE800555BE4 /* PBXContainerItemProxy */;
		};
/* End PBXTargetDependency section */

/* Begin PBXVariantGroup section */
		C05E4DDA29A02EE600555BE4 /* Main.storyboard */ = {
			isa = PBXVariantGroup;
			children = (
				C05E4DDB29A02EE600555BE4 /* Base */,
			);
			name = Main.storyboard;
			sourceTree = "<group>";
		};
		C05E4DDF29A02EE800555BE4 /* LaunchScreen.storyboard */ = {
			isa = PBXVariantGroup;
			children = (
				C05E4DE029A02EE800555BE4 /* Base */,
			);
			name = LaunchScreen.storyboard;
			sourceTree = "<group>";
		};
/* End PBXVariantGroup section */

/* Begin XCBuildConfiguration section */
		C05E4DF929A02EE800555BE4 /* Debug */ = {
			isa = XCBuildConfiguration;
			buildSettings = {
				ALWAYS_SEARCH_USER_PATHS = NO;
				CLANG_ANALYZER_NONNULL = YES;
				CLANG_ANALYZER_NUMBER_OBJECT_CONVERSION = YES_AGGRESSIVE;
				CLANG_CXX_LANGUAGE_STANDARD = "gnu++20";
				CLANG_ENABLE_MODULES = YES;
				CLANG_ENABLE_OBJC_ARC = YES;
				CLANG_ENABLE_OBJC_WEAK = YES;
				CLANG_WARN_BLOCK_CAPTURE_AUTORELEASING = YES;
				CLANG_WARN_BOOL_CONVERSION = YES;
				CLANG_WARN_COMMA = YES;
				CLANG_WARN_CONSTANT_CONVERSION = YES;
				CLANG_WARN_DEPRECATED_OBJC_IMPLEMENTATIONS = YES;
				CLANG_WARN_DIRECT_OBJC_ISA_USAGE = YES_ERROR;
				CLANG_WARN_DOCUMENTATION_COMMENTS = YES;
				CLANG_WARN_EMPTY_BODY = YES;
				CLANG_WARN_ENUM_CONVERSION = YES;
				CLANG_WARN_INFINITE_RECURSION = YES;
				CLANG_WARN_INT_CONVERSION = YES;
				CLANG_WARN_NON_LITERAL_NULL_CONVERSION = YES;
				CLANG_WARN_OBJC_IMPLICIT_RETAIN_SELF = YES;
				CLANG_WARN_OBJC_LITERAL_CONVERSION = YES;
				CLANG_WARN_OBJC_ROOT_CLASS = YES_ERROR;
				CLANG_WARN_QUOTED_INCLUDE_IN_FRAMEWORK_HEADER = YES;
				CLANG_WARN_RANGE_LOOP_ANALYSIS = YES;
				CLANG_WARN_STRICT_PROTOTYPES = YES;
				CLANG_WARN_SUSPICIOUS_MOVE = YES;
				CLANG_WARN_UNGUARDED_AVAILABILITY = YES_AGGRESSIVE;
				CLANG_WARN_UNREACHABLE_CODE = YES;
				CLANG_WARN__DUPLICATE_METHOD_MATCH = YES;
				COPY_PHASE_STRIP = NO;
				DEBUG_INFORMATION_FORMAT = dwarf;
				ENABLE_STRICT_OBJC_MSGSEND = YES;
				ENABLE_TESTABILITY = YES;
				GCC_C_LANGUAGE_STANDARD = gnu11;
				GCC_DYNAMIC_NO_PIC = NO;
				GCC_NO_COMMON_BLOCKS = YES;
				GCC_OPTIMIZATION_LEVEL = 0;
				GCC_PREPROCESSOR_DEFINITIONS = (
					"DEBUG=1",
					"$(inherited)",
				);
				GCC_WARN_64_TO_32_BIT_CONVERSION = YES;
				GCC_WARN_ABOUT_RETURN_TYPE = YES_ERROR;
				GCC_WARN_UNDECLARED_SELECTOR = YES;
				GCC_WARN_UNINITIALIZED_AUTOS = YES_AGGRESSIVE;
				GCC_WARN_UNUSED_FUNCTION = YES;
				GCC_WARN_UNUSED_VARIABLE = YES;
				IPHONEOS_DEPLOYMENT_TARGET = 16.2;
				MTL_ENABLE_DEBUG_INFO = INCLUDE_SOURCE;
				MTL_FAST_MATH = YES;
				ONLY_ACTIVE_ARCH = YES;
				SDKROOT = iphoneos;
				SWIFT_ACTIVE_COMPILATION_CONDITIONS = DEBUG;
				SWIFT_OPTIMIZATION_LEVEL = "-Onone";
			};
			name = Debug;
		};
		C05E4DFA29A02EE800555BE4 /* Release */ = {
			isa = XCBuildConfiguration;
			buildSettings = {
				ALWAYS_SEARCH_USER_PATHS = NO;
				CLANG_ANALYZER_NONNULL = YES;
				CLANG_ANALYZER_NUMBER_OBJECT_CONVERSION = YES_AGGRESSIVE;
				CLANG_CXX_LANGUAGE_STANDARD = "gnu++20";
				CLANG_ENABLE_MODULES = YES;
				CLANG_ENABLE_OBJC_ARC = YES;
				CLANG_ENABLE_OBJC_WEAK = YES;
				CLANG_WARN_BLOCK_CAPTURE_AUTORELEASING = YES;
				CLANG_WARN_BOOL_CONVERSION = YES;
				CLANG_WARN_COMMA = YES;
				CLANG_WARN_CONSTANT_CONVERSION = YES;
				CLANG_WARN_DEPRECATED_OBJC_IMPLEMENTATIONS = YES;
				CLANG_WARN_DIRECT_OBJC_ISA_USAGE = YES_ERROR;
				CLANG_WARN_DOCUMENTATION_COMMENTS = YES;
				CLANG_WARN_EMPTY_BODY = YES;
				CLANG_WARN_ENUM_CONVERSION = YES;
				CLANG_WARN_INFINITE_RECURSION = YES;
				CLANG_WARN_INT_CONVERSION = YES;
				CLANG_WARN_NON_LITERAL_NULL_CONVERSION = YES;
				CLANG_WARN_OBJC_IMPLICIT_RETAIN_SELF = YES;
				CLANG_WARN_OBJC_LITERAL_CONVERSION = YES;
				CLANG_WARN_OBJC_ROOT_CLASS = YES_ERROR;
				CLANG_WARN_QUOTED_INCLUDE_IN_FRAMEWORK_HEADER = YES;
				CLANG_WARN_RANGE_LOOP_ANALYSIS = YES;
				CLANG_WARN_STRICT_PROTOTYPES = YES;
				CLANG_WARN_SUSPICIOUS_MOVE = YES;
				CLANG_WARN_UNGUARDED_AVAILABILITY = YES_AGGRESSIVE;
				CLANG_WARN_UNREACHABLE_CODE = YES;
				CLANG_WARN__DUPLICATE_METHOD_MATCH = YES;
				COPY_PHASE_STRIP = NO;
				DEBUG_INFORMATION_FORMAT = "dwarf-with-dsym";
				ENABLE_NS_ASSERTIONS = NO;
				ENABLE_STRICT_OBJC_MSGSEND = YES;
				GCC_C_LANGUAGE_STANDARD = gnu11;
				GCC_NO_COMMON_BLOCKS = YES;
				GCC_WARN_64_TO_32_BIT_CONVERSION = YES;
				GCC_WARN_ABOUT_RETURN_TYPE = YES_ERROR;
				GCC_WARN_UNDECLARED_SELECTOR = YES;
				GCC_WARN_UNINITIALIZED_AUTOS = YES_AGGRESSIVE;
				GCC_WARN_UNUSED_FUNCTION = YES;
				GCC_WARN_UNUSED_VARIABLE = YES;
				IPHONEOS_DEPLOYMENT_TARGET = 16.2;
				MTL_ENABLE_DEBUG_INFO = NO;
				MTL_FAST_MATH = YES;
				SDKROOT = iphoneos;
				SWIFT_COMPILATION_MODE = wholemodule;
				SWIFT_OPTIMIZATION_LEVEL = "-O";
				VALIDATE_PRODUCT = YES;
			};
			name = Release;
		};
		C05E4DFC29A02EE800555BE4 /* Debug */ = {
			isa = XCBuildConfiguration;
			baseConfigurationReference = 491BF74C250BBFF1D9BBCF16 /* Pods-myProject.debug.xcconfig */;
			buildSettings = {
				ASSETCATALOG_COMPILER_APPICON_NAME = AppIcon;
				ASSETCATALOG_COMPILER_GLOBAL_ACCENT_COLOR_NAME = AccentColor;
				CODE_SIGN_STYLE = Automatic;
				CURRENT_PROJECT_VERSION = 1;
				DEVELOPMENT_TEAM = 29WQLXLW8H;
				GENERATE_INFOPLIST_FILE = YES;
				INFOPLIST_FILE = myProject/Info.plist;
				INFOPLIST_KEY_UIApplicationSupportsIndirectInputEvents = YES;
				INFOPLIST_KEY_UILaunchStoryboardName = LaunchScreen;
				INFOPLIST_KEY_UIMainStoryboardFile = Main;
				INFOPLIST_KEY_UISupportedInterfaceOrientations_iPad = "UIInterfaceOrientationPortrait UIInterfaceOrientationPortraitUpsideDown UIInterfaceOrientationLandscapeLeft UIInterfaceOrientationLandscapeRight";
				INFOPLIST_KEY_UISupportedInterfaceOrientations_iPhone = "UIInterfaceOrientationPortrait UIInterfaceOrientationLandscapeLeft UIInterfaceOrientationLandscapeRight";
				IPHONEOS_DEPLOYMENT_TARGET = 14.0;
				LD_RUNPATH_SEARCH_PATHS = (
					"$(inherited)",
					"@executable_path/Frameworks",
				);
				MARKETING_VERSION = 1.0;
				PRODUCT_BUNDLE_IDENTIFIER = CAPSTONE.myProject;
				PRODUCT_NAME = "$(TARGET_NAME)";
				SWIFT_EMIT_LOC_STRINGS = YES;
				SWIFT_VERSION = 5.0;
				TARGETED_DEVICE_FAMILY = "1,2";
			};
			name = Debug;
		};
		C05E4DFD29A02EE800555BE4 /* Release */ = {
			isa = XCBuildConfiguration;
			baseConfigurationReference = C02B0BA71D0E03988AC23E53 /* Pods-myProject.release.xcconfig */;
			buildSettings = {
				ASSETCATALOG_COMPILER_APPICON_NAME = AppIcon;
				ASSETCATALOG_COMPILER_GLOBAL_ACCENT_COLOR_NAME = AccentColor;
				CODE_SIGN_STYLE = Automatic;
				CURRENT_PROJECT_VERSION = 1;
				DEVELOPMENT_TEAM = 29WQLXLW8H;
				GENERATE_INFOPLIST_FILE = YES;
				INFOPLIST_FILE = myProject/Info.plist;
				INFOPLIST_KEY_UIApplicationSupportsIndirectInputEvents = YES;
				INFOPLIST_KEY_UILaunchStoryboardName = LaunchScreen;
				INFOPLIST_KEY_UIMainStoryboardFile = Main;
				INFOPLIST_KEY_UISupportedInterfaceOrientations_iPad = "UIInterfaceOrientationPortrait UIInterfaceOrientationPortraitUpsideDown UIInterfaceOrientationLandscapeLeft UIInterfaceOrientationLandscapeRight";
				INFOPLIST_KEY_UISupportedInterfaceOrientations_iPhone = "UIInterfaceOrientationPortrait UIInterfaceOrientationLandscapeLeft UIInterfaceOrientationLandscapeRight";
				IPHONEOS_DEPLOYMENT_TARGET = 14.0;
				LD_RUNPATH_SEARCH_PATHS = (
					"$(inherited)",
					"@executable_path/Frameworks",
				);
				MARKETING_VERSION = 1.0;
				PRODUCT_BUNDLE_IDENTIFIER = CAPSTONE.myProject;
				PRODUCT_NAME = "$(TARGET_NAME)";
				SWIFT_EMIT_LOC_STRINGS = YES;
				SWIFT_VERSION = 5.0;
				TARGETED_DEVICE_FAMILY = "1,2";
			};
			name = Release;
		};
		C05E4DFF29A02EE800555BE4 /* Debug */ = {
			isa = XCBuildConfiguration;
			baseConfigurationReference = F4C7C8C1CAD124F3039C76B5 /* Pods-myProjectTests.debug.xcconfig */;
			buildSettings = {
				ALWAYS_EMBED_SWIFT_STANDARD_LIBRARIES = YES;
				BUNDLE_LOADER = "$(TEST_HOST)";
				CODE_SIGN_STYLE = Automatic;
				CURRENT_PROJECT_VERSION = 1;
				DEVELOPMENT_TEAM = 29WQLXLW8H;
				GENERATE_INFOPLIST_FILE = YES;
				IPHONEOS_DEPLOYMENT_TARGET = 16.2;
				MARKETING_VERSION = 1.0;
				PRODUCT_BUNDLE_IDENTIFIER = CAPSTONE.myProjectTests;
				PRODUCT_NAME = "$(TARGET_NAME)";
				SWIFT_EMIT_LOC_STRINGS = NO;
				SWIFT_VERSION = 5.0;
				TARGETED_DEVICE_FAMILY = "1,2";
				TEST_HOST = "$(BUILT_PRODUCTS_DIR)/myProject.app/$(BUNDLE_EXECUTABLE_FOLDER_PATH)/myProject";
			};
			name = Debug;
		};
		C05E4E0029A02EE800555BE4 /* Release */ = {
			isa = XCBuildConfiguration;
			baseConfigurationReference = 6C231137E0013D6C40B990DD /* Pods-myProjectTests.release.xcconfig */;
			buildSettings = {
				ALWAYS_EMBED_SWIFT_STANDARD_LIBRARIES = YES;
				BUNDLE_LOADER = "$(TEST_HOST)";
				CODE_SIGN_STYLE = Automatic;
				CURRENT_PROJECT_VERSION = 1;
				DEVELOPMENT_TEAM = 29WQLXLW8H;
				GENERATE_INFOPLIST_FILE = YES;
				IPHONEOS_DEPLOYMENT_TARGET = 16.2;
				MARKETING_VERSION = 1.0;
				PRODUCT_BUNDLE_IDENTIFIER = CAPSTONE.myProjectTests;
				PRODUCT_NAME = "$(TARGET_NAME)";
				SWIFT_EMIT_LOC_STRINGS = NO;
				SWIFT_VERSION = 5.0;
				TARGETED_DEVICE_FAMILY = "1,2";
				TEST_HOST = "$(BUILT_PRODUCTS_DIR)/myProject.app/$(BUNDLE_EXECUTABLE_FOLDER_PATH)/myProject";
			};
			name = Release;
		};
		C05E4E0229A02EE800555BE4 /* Debug */ = {
			isa = XCBuildConfiguration;
			baseConfigurationReference = 8B251797D3AA2073DFF47F29 /* Pods-myProject-myProjectUITests.debug.xcconfig */;
			buildSettings = {
				ALWAYS_EMBED_SWIFT_STANDARD_LIBRARIES = YES;
				CODE_SIGN_STYLE = Automatic;
				CURRENT_PROJECT_VERSION = 1;
				DEVELOPMENT_TEAM = 29WQLXLW8H;
				GENERATE_INFOPLIST_FILE = YES;
				MARKETING_VERSION = 1.0;
				PRODUCT_BUNDLE_IDENTIFIER = CAPSTONE.myProjectUITests;
				PRODUCT_NAME = "$(TARGET_NAME)";
				SWIFT_EMIT_LOC_STRINGS = NO;
				SWIFT_VERSION = 5.0;
				TARGETED_DEVICE_FAMILY = "1,2";
				TEST_TARGET_NAME = myProject;
			};
			name = Debug;
		};
		C05E4E0329A02EE800555BE4 /* Release */ = {
			isa = XCBuildConfiguration;
			baseConfigurationReference = 467A61FE1327E98412A28922 /* Pods-myProject-myProjectUITests.release.xcconfig */;
			buildSettings = {
				ALWAYS_EMBED_SWIFT_STANDARD_LIBRARIES = YES;
				CODE_SIGN_STYLE = Automatic;
				CURRENT_PROJECT_VERSION = 1;
				DEVELOPMENT_TEAM = 29WQLXLW8H;
				GENERATE_INFOPLIST_FILE = YES;
				MARKETING_VERSION = 1.0;
				PRODUCT_BUNDLE_IDENTIFIER = CAPSTONE.myProjectUITests;
				PRODUCT_NAME = "$(TARGET_NAME)";
				SWIFT_EMIT_LOC_STRINGS = NO;
				SWIFT_VERSION = 5.0;
				TARGETED_DEVICE_FAMILY = "1,2";
				TEST_TARGET_NAME = myProject;
			};
			name = Release;
		};
/* End XCBuildConfiguration section */

/* Begin XCConfigurationList section */
		C05E4DCC29A02EE600555BE4 /* Build configuration list for PBXProject "myProject" */ = {
			isa = XCConfigurationList;
			buildConfigurations = (
				C05E4DF929A02EE800555BE4 /* Debug */,
				C05E4DFA29A02EE800555BE4 /* Release */,
			);
			defaultConfigurationIsVisible = 0;
			defaultConfigurationName = Release;
		};
		C05E4DFB29A02EE800555BE4 /* Build configuration list for PBXNativeTarget "myProject" */ = {
			isa = XCConfigurationList;
			buildConfigurations = (
				C05E4DFC29A02EE800555BE4 /* Debug */,
				C05E4DFD29A02EE800555BE4 /* Release */,
			);
			defaultConfigurationIsVisible = 0;
			defaultConfigurationName = Release;
		};
		C05E4DFE29A02EE800555BE4 /* Build configuration list for PBXNativeTarget "myProjectTests" */ = {
			isa = XCConfigurationList;
			buildConfigurations = (
				C05E4DFF29A02EE800555BE4 /* Debug */,
				C05E4E0029A02EE800555BE4 /* Release */,
			);
			defaultConfigurationIsVisible = 0;
			defaultConfigurationName = Release;
		};
		C05E4E0129A02EE800555BE4 /* Build configuration list for PBXNativeTarget "myProjectUITests" */ = {
			isa = XCConfigurationList;
			buildConfigurations = (
				C05E4E0229A02EE800555BE4 /* Debug */,
				C05E4E0329A02EE800555BE4 /* Release */,
			);
			defaultConfigurationIsVisible = 0;
			defaultConfigurationName = Release;
		};
/* End XCConfigurationList section */

/* Begin XCVersionGroup section */
		C05E4E1529A5965300555BE4 /* Model.xcdatamodeld */ = {
			isa = XCVersionGroup;
			children = (
				C05E4E1629A5965300555BE4 /* Model.xcdatamodel */,
			);
			currentVersion = C05E4E1629A5965300555BE4 /* Model.xcdatamodel */;
			path = Model.xcdatamodeld;
			sourceTree = "<group>";
			versionGroupType = wrapper.xcdatamodel;
		};
/* End XCVersionGroup section */
	};
	rootObject = C05E4DC929A02EE600555BE4 /* Project object */;
}
